PODS:
  - CocoaSoundCloudAPI (1.0.2):
    - NXOAuth2Client (= 1.2.2)
  - CocoaSoundCloudUI (1.0.9):
    - CocoaSoundCloudAPI (~> 1.0.2)
    - OHAttributedLabel
  - NXOAuth2Client (1.2.2)
  - OHAttributedLabel (3.5.4)

DEPENDENCIES:
  - CocoaSoundCloudAPI (= 1.0.2)
  - CocoaSoundCloudUI (= 1.0.9)

SPEC CHECKSUMS:
  CocoaSoundCloudAPI: 4e762deae813dbd34311780f19d7130d0c795b58
  CocoaSoundCloudUI: 4a5ae1d08c4e9b66ec0db6c786f113a59a0bde4a
  NXOAuth2Client: d0d18286b0d47da2b066bc3ab4e95157b2890675
  OHAttributedLabel: fcf1d1245b4c8d2df94da91369b1474901d7fb14

COCOAPODS: 0.33.1
